// !$*UTF8*$!
{
	archiveVersion = 1;
	classes = {
	};
	objectVersion = 77;
	objects = {

/* Begin PBXBuildFile section */
		1AB2673B2D1F298300ADD97E /* WidgetKit.framework in Frameworks */ = {isa = PBXBuildFile; fileRef = 1AB2673A2D1F298300ADD97E /* WidgetKit.framework */; };
		1AB2673D2D1F298300ADD97E /* SwiftUI.framework in Frameworks */ = {isa = PBXBuildFile; fileRef = 1AB2673C2D1F298300ADD97E /* SwiftUI.framework */; };
		1AB2674B2D1F298400ADD97E /* SW351x Monitor WidgetExtension.appex in Embed Foundation Extensions */ = {isa = PBXBuildFile; fileRef = 1AB267382D1F298300ADD97E /* SW351x Monitor WidgetExtension.appex */; settings = {ATTRIBUTES = (RemoveHeadersOnCopy, ); }; };
/* End PBXBuildFile section */

/* Begin PBXContainerItemProxy section */
		1AB267172D1F257C00ADD97E /* PBXContainerItemProxy */ = {
			isa = PBXContainerItemProxy;
			containerPortal = 1AB266FA2D1F257B00ADD97E /* Project object */;
			proxyType = 1;
			remoteGlobalIDString = 1AB267012D1F257B00ADD97E;
			remoteInfo = "SW351X Monitor";
		};
		1AB267212D1F257C00ADD97E /* PBXContainerItemProxy */ = {
			isa = PBXContainerItemProxy;
			containerPortal = 1AB266FA2D1F257B00ADD97E /* Project object */;
			proxyType = 1;
			remoteGlobalIDString = 1AB267012D1F257B00ADD97E;
			remoteInfo = "SW351X Monitor";
		};
		1AB267492D1F298400ADD97E /* PBXContainerItemProxy */ = {
			isa = PBXContainerItemProxy;
			containerPortal = 1AB266FA2D1F257B00ADD97E /* Project object */;
			proxyType = 1;
			remoteGlobalIDString = 1AB267372D1F298300ADD97E;
			remoteInfo = "SW351x Monitor WidgetExtension";
		};
/* End PBXContainerItemProxy section */

/* Begin PBXCopyFilesBuildPhase section */
		1AB267502D1F298400ADD97E /* Embed Foundation Extensions */ = {
			isa = PBXCopyFilesBuildPhase;
			buildActionMask = 2147483647;
			dstPath = "";
			dstSubfolderSpec = 13;
			files = (
				1AB2674B2D1F298400ADD97E /* SW351x Monitor WidgetExtension.appex in Embed Foundation Extensions */,
			);
			name = "Embed Foundation Extensions";
			runOnlyForDeploymentPostprocessing = 0;
		};
/* End PBXCopyFilesBuildPhase section */

/* Begin PBXFileReference section */
		1AB267022D1F257B00ADD97E /* SW351X Monitor.app */ = {isa = PBXFileReference; explicitFileType = wrapper.application; includeInIndex = 0; path = "SW351X Monitor.app"; sourceTree = BUILT_PRODUCTS_DIR; };
		1AB267162D1F257C00ADD97E /* SW351X MonitorTests.xctest */ = {isa = PBXFileReference; explicitFileType = wrapper.cfbundle; includeInIndex = 0; path = "SW351X MonitorTests.xctest"; sourceTree = BUILT_PRODUCTS_DIR; };
		1AB267202D1F257C00ADD97E /* SW351X MonitorUITests.xctest */ = {isa = PBXFileReference; explicitFileType = wrapper.cfbundle; includeInIndex = 0; path = "SW351X MonitorUITests.xctest"; sourceTree = BUILT_PRODUCTS_DIR; };
		1AB267382D1F298300ADD97E /* SW351x Monitor WidgetExtension.appex */ = {isa = PBXFileReference; explicitFileType = "wrapper.app-extension"; includeInIndex = 0; path = "SW351x Monitor WidgetExtension.appex"; sourceTree = BUILT_PRODUCTS_DIR; };
		1AB2673A2D1F298300ADD97E /* WidgetKit.framework */ = {isa = PBXFileReference; lastKnownFileType = wrapper.framework; name = WidgetKit.framework; path = /System/Library/Frameworks/WidgetKit.framework; sourceTree = "<absolute>"; };
		1AB2673C2D1F298300ADD97E /* SwiftUI.framework */ = {isa = PBXFileReference; lastKnownFileType = wrapper.framework; name = SwiftUI.framework; path = /System/Library/Frameworks/SwiftUI.framework; sourceTree = "<absolute>"; };
/* End PBXFileReference section */

/* Begin PBXFileSystemSynchronizedBuildFileExceptionSet section */
		1AB267282D1F257C00ADD97E /* Exceptions for "SW351X Monitor" folder in "SW351X Monitor" target */ = {
			isa = PBXFileSystemSynchronizedBuildFileExceptionSet;
			membershipExceptions = (
				Info.plist,
			);
			target = 1AB267012D1F257B00ADD97E /* SW351X Monitor */;
		};
		1AB2674F2D1F298400ADD97E /* Exceptions for "SW351x Monitor Widget" folder in "SW351x Monitor WidgetExtension" target */ = {
			isa = PBXFileSystemSynchronizedBuildFileExceptionSet;
			membershipExceptions = (
				Info.plist,
			);
			target = 1AB267372D1F298300ADD97E /* SW351x Monitor WidgetExtension */;
		};
/* End PBXFileSystemSynchronizedBuildFileExceptionSet section */

/* Begin PBXFileSystemSynchronizedRootGroup section */
		1AB267042D1F257B00ADD97E /* SW351X Monitor */ = {
			isa = PBXFileSystemSynchronizedRootGroup;
			exceptions = (
				1AB267282D1F257C00ADD97E /* Exceptions for "SW351X Monitor" folder in "SW351X Monitor" target */,
			);
			path = "SW351X Monitor";
			sourceTree = "<group>";
		};
		1AB267192D1F257C00ADD97E /* SW351X MonitorTests */ = {
			isa = PBXFileSystemSynchronizedRootGroup;
			path = "SW351X MonitorTests";
			sourceTree = "<group>";
		};
		1AB267232D1F257C00ADD97E /* SW351X MonitorUITests */ = {
			isa = PBXFileSystemSynchronizedRootGroup;
			path = "SW351X MonitorUITests";
			sourceTree = "<group>";
		};
		1AB2673E2D1F298300ADD97E /* SW351x Monitor Widget */ = {
			isa = PBXFileSystemSynchronizedRootGroup;
			exceptions = (
				1AB2674F2D1F298400ADD97E /* Exceptions for "SW351x Monitor Widget" folder in "SW351x Monitor WidgetExtension" target */,
			);
			path = "SW351x Monitor Widget";
			sourceTree = "<group>";
		};
/* End PBXFileSystemSynchronizedRootGroup section */

/* Begin PBXFrameworksBuildPhase section */
		1AB266FF2D1F257B00ADD97E /* Frameworks */ = {
			isa = PBXFrameworksBuildPhase;
			buildActionMask = 2147483647;
			files = (
			);
			runOnlyForDeploymentPostprocessing = 0;
		};
		1AB267132D1F257C00ADD97E /* Frameworks */ = {
			isa = PBXFrameworksBuildPhase;
			buildActionMask = 2147483647;
			files = (
			);
			runOnlyForDeploymentPostprocessing = 0;
		};
		1AB2671D2D1F257C00ADD97E /* Frameworks */ = {
			isa = PBXFrameworksBuildPhase;
			buildActionMask = 2147483647;
			files = (
			);
			runOnlyForDeploymentPostprocessing = 0;
		};
		1AB267352D1F298300ADD97E /* Frameworks */ = {
			isa = PBXFrameworksBuildPhase;
			buildActionMask = 2147483647;
			files = (
				1AB2673D2D1F298300ADD97E /* SwiftUI.framework in Frameworks */,
				1AB2673B2D1F298300ADD97E /* WidgetKit.framework in Frameworks */,
			);
			runOnlyForDeploymentPostprocessing = 0;
		};
/* End PBXFrameworksBuildPhase section */

/* Begin PBXGroup section */
		1AB266F92D1F257B00ADD97E = {
			isa = PBXGroup;
			children = (
				1AB267042D1F257B00ADD97E /* SW351X Monitor */,
				1AB267192D1F257C00ADD97E /* SW351X MonitorTests */,
				1AB267232D1F257C00ADD97E /* SW351X MonitorUITests */,
				1AB2673E2D1F298300ADD97E /* SW351x Monitor Widget */,
				1AB267392D1F298300ADD97E /* Frameworks */,
				1AB267032D1F257B00ADD97E /* Products */,
			);
			sourceTree = "<group>";
		};
		1AB267032D1F257B00ADD97E /* Products */ = {
			isa = PBXGroup;
			children = (
				1AB267022D1F257B00ADD97E /* SW351X Monitor.app */,
				1AB267162D1F257C00ADD97E /* SW351X MonitorTests.xctest */,
				1AB267202D1F257C00ADD97E /* SW351X MonitorUITests.xctest */,
				1AB267382D1F298300ADD97E /* SW351x Monitor WidgetExtension.appex */,
			);
			name = Products;
			sourceTree = "<group>";
		};
		1AB267392D1F298300ADD97E /* Frameworks */ = {
			isa = PBXGroup;
			children = (
				1AB2673A2D1F298300ADD97E /* WidgetKit.framework */,
				1AB2673C2D1F298300ADD97E /* SwiftUI.framework */,
			);
			name = Frameworks;
			sourceTree = "<group>";
		};
/* End PBXGroup section */

/* Begin PBXNativeTarget section */
		1AB267012D1F257B00ADD97E /* SW351X Monitor */ = {
			isa = PBXNativeTarget;
			buildConfigurationList = 1AB267292D1F257C00ADD97E /* Build configuration list for PBXNativeTarget "SW351X Monitor" */;
			buildPhases = (
				1AB266FE2D1F257B00ADD97E /* Sources */,
				1AB266FF2D1F257B00ADD97E /* Frameworks */,
				1AB267002D1F257B00ADD97E /* Resources */,
				1AB267502D1F298400ADD97E /* Embed Foundation Extensions */,
			);
			buildRules = (
			);
			dependencies = (
				1AB2674A2D1F298400ADD97E /* PBXTargetDependency */,
			);
			fileSystemSynchronizedGroups = (
				1AB267042D1F257B00ADD97E /* SW351X Monitor */,
			);
			name = "SW351X Monitor";
			packageProductDependencies = (
			);
			productName = "SW351X Monitor";
			productReference = 1AB267022D1F257B00ADD97E /* SW351X Monitor.app */;
			productType = "com.apple.product-type.application";
		};
		1AB267152D1F257C00ADD97E /* SW351X MonitorTests */ = {
			isa = PBXNativeTarget;
			buildConfigurationList = 1AB2672E2D1F257C00ADD97E /* Build configuration list for PBXNativeTarget "SW351X MonitorTests" */;
			buildPhases = (
				1AB267122D1F257C00ADD97E /* Sources */,
				1AB267132D1F257C00ADD97E /* Frameworks */,
				1AB267142D1F257C00ADD97E /* Resources */,
			);
			buildRules = (
			);
			dependencies = (
				1AB267182D1F257C00ADD97E /* PBXTargetDependency */,
			);
			fileSystemSynchronizedGroups = (
				1AB267192D1F257C00ADD97E /* SW351X MonitorTests */,
			);
			name = "SW351X MonitorTests";
			packageProductDependencies = (
			);
			productName = "SW351X MonitorTests";
			productReference = 1AB267162D1F257C00ADD97E /* SW351X MonitorTests.xctest */;
			productType = "com.apple.product-type.bundle.unit-test";
		};
		1AB2671F2D1F257C00ADD97E /* SW351X MonitorUITests */ = {
			isa = PBXNativeTarget;
			buildConfigurationList = 1AB267312D1F257C00ADD97E /* Build configuration list for PBXNativeTarget "SW351X MonitorUITests" */;
			buildPhases = (
				1AB2671C2D1F257C00ADD97E /* Sources */,
				1AB2671D2D1F257C00ADD97E /* Frameworks */,
				1AB2671E2D1F257C00ADD97E /* Resources */,
			);
			buildRules = (
			);
			dependencies = (
				1AB267222D1F257C00ADD97E /* PBXTargetDependency */,
			);
			fileSystemSynchronizedGroups = (
				1AB267232D1F257C00ADD97E /* SW351X MonitorUITests */,
			);
			name = "SW351X MonitorUITests";
			packageProductDependencies = (
			);
			productName = "SW351X MonitorUITests";
			productReference = 1AB267202D1F257C00ADD97E /* SW351X MonitorUITests.xctest */;
			productType = "com.apple.product-type.bundle.ui-testing";
		};
		1AB267372D1F298300ADD97E /* SW351x Monitor WidgetExtension */ = {
			isa = PBXNativeTarget;
			buildConfigurationList = 1AB2674C2D1F298400ADD97E /* Build configuration list for PBXNativeTarget "SW351x Monitor WidgetExtension" */;
			buildPhases = (
				1AB267342D1F298300ADD97E /* Sources */,
				1AB267352D1F298300ADD97E /* Frameworks */,
				1AB267362D1F298300ADD97E /* Resources */,
			);
			buildRules = (
			);
			dependencies = (
			);
			fileSystemSynchronizedGroups = (
				1AB2673E2D1F298300ADD97E /* SW351x Monitor Widget */,
			);
			name = "SW351x Monitor WidgetExtension";
			packageProductDependencies = (
			);
			productName = "SW351x Monitor WidgetExtension";
			productReference = 1AB267382D1F298300ADD97E /* SW351x Monitor WidgetExtension.appex */;
			productType = "com.apple.product-type.app-extension";
		};
/* End PBXNativeTarget section */

/* Begin PBXProject section */
		1AB266FA2D1F257B00ADD97E /* Project object */ = {
			isa = PBXProject;
			attributes = {
				BuildIndependentTargetsInParallel = 1;
				LastSwiftUpdateCheck = 1620;
				LastUpgradeCheck = 1620;
				TargetAttributes = {
					1AB267012D1F257B00ADD97E = {
						CreatedOnToolsVersion = 16.2;
					};
					1AB267152D1F257C00ADD97E = {
						CreatedOnToolsVersion = 16.2;
						TestTargetID = 1AB267012D1F257B00ADD97E;
					};
					1AB2671F2D1F257C00ADD97E = {
						CreatedOnToolsVersion = 16.2;
						TestTargetID = 1AB267012D1F257B00ADD97E;
					};
					1AB267372D1F298300ADD97E = {
						CreatedOnToolsVersion = 16.2;
					};
				};
			};
			buildConfigurationList = 1AB266FD2D1F257B00ADD97E /* Build configuration list for PBXProject "SW351X Monitor" */;
			developmentRegion = en;
			hasScannedForEncodings = 0;
			knownRegions = (
				en,
				Base,
			);
			mainGroup = 1AB266F92D1F257B00ADD97E;
			minimizedProjectReferenceProxies = 1;
			preferredProjectObjectVersion = 77;
			productRefGroup = 1AB267032D1F257B00ADD97E /* Products */;
			projectDirPath = "";
			projectRoot = "";
			targets = (
				1AB267012D1F257B00ADD97E /* SW351X Monitor */,
				1AB267152D1F257C00ADD97E /* SW351X MonitorTests */,
				1AB2671F2D1F257C00ADD97E /* SW351X MonitorUITests */,
				1AB267372D1F298300ADD97E /* SW351x Monitor WidgetExtension */,
			);
		};
/* End PBXProject section */

/* Begin PBXResourcesBuildPhase section */
		1AB267002D1F257B00ADD97E /* Resources */ = {
			isa = PBXResourcesBuildPhase;
			buildActionMask = 2147483647;
			files = (
			);
			runOnlyForDeploymentPostprocessing = 0;
		};
		1AB267142D1F257C00ADD97E /* Resources */ = {
			isa = PBXResourcesBuildPhase;
			buildActionMask = 2147483647;
			files = (
			);
			runOnlyForDeploymentPostprocessing = 0;
		};
		1AB2671E2D1F257C00ADD97E /* Resources */ = {
			isa = PBXResourcesBuildPhase;
			buildActionMask = 2147483647;
			files = (
			);
			runOnlyForDeploymentPostprocessing = 0;
		};
		1AB267362D1F298300ADD97E /* Resources */ = {
			isa = PBXResourcesBuildPhase;
			buildActionMask = 2147483647;
			files = (
			);
			runOnlyForDeploymentPostprocessing = 0;
		};
/* End PBXResourcesBuildPhase section */

/* Begin PBXSourcesBuildPhase section */
		1AB266FE2D1F257B00ADD97E /* Sources */ = {
			isa = PBXSourcesBuildPhase;
			buildActionMask = 2147483647;
			files = (
			);
			runOnlyForDeploymentPostprocessing = 0;
		};
		1AB267122D1F257C00ADD97E /* Sources */ = {
			isa = PBXSourcesBuildPhase;
			buildActionMask = 2147483647;
			files = (
			);
			runOnlyForDeploymentPostprocessing = 0;
		};
		1AB2671C2D1F257C00ADD97E /* Sources */ = {
			isa = PBXSourcesBuildPhase;
			buildActionMask = 2147483647;
			files = (
			);
			runOnlyForDeploymentPostprocessing = 0;
		};
		1AB267342D1F298300ADD97E /* Sources */ = {
			isa = PBXSourcesBuildPhase;
			buildActionMask = 2147483647;
			files = (
			);
			runOnlyForDeploymentPostprocessing = 0;
		};
/* End PBXSourcesBuildPhase section */

/* Begin PBXTargetDependency section */
		1AB267182D1F257C00ADD97E /* PBXTargetDependency */ = {
			isa = PBXTargetDependency;
			target = 1AB267012D1F257B00ADD97E /* SW351X Monitor */;
			targetProxy = 1AB267172D1F257C00ADD97E /* PBXContainerItemProxy */;
		};
		1AB267222D1F257C00ADD97E /* PBXTargetDependency */ = {
			isa = PBXTargetDependency;
			target = 1AB267012D1F257B00ADD97E /* SW351X Monitor */;
			targetProxy = 1AB267212D1F257C00ADD97E /* PBXContainerItemProxy */;
		};
		1AB2674A2D1F298400ADD97E /* PBXTargetDependency */ = {
			isa = PBXTargetDependency;
			target = 1AB267372D1F298300ADD97E /* SW351x Monitor WidgetExtension */;
			targetProxy = 1AB267492D1F298400ADD97E /* PBXContainerItemProxy */;
		};
/* End PBXTargetDependency section */

/* Begin XCBuildConfiguration section */
		1AB2672A2D1F257C00ADD97E /* Debug */ = {
			isa = XCBuildConfiguration;
			buildSettings = {
				ASSETCATALOG_COMPILER_APPICON_NAME = AppIcon;
				ASSETCATALOG_COMPILER_GLOBAL_ACCENT_COLOR_NAME = AccentColor;
				CODE_SIGN_ENTITLEMENTS = "SW351X Monitor/SW351X_Monitor.entitlements";
				CODE_SIGN_STYLE = Automatic;
				CURRENT_PROJECT_VERSION = 1;
				DEVELOPMENT_ASSET_PATHS = "\"SW351X Monitor/Preview Content\"";
				DEVELOPMENT_TEAM = 7W793QK84V;
				ENABLE_HARDENED_RUNTIME = YES;
				ENABLE_PREVIEWS = YES;
				GENERATE_INFOPLIST_FILE = YES;
				INFOPLIST_FILE = "SW351X Monitor/Info.plist";
				"INFOPLIST_KEY_UIApplicationSceneManifest_Generation[sdk=iphoneos*]" = YES;
				"INFOPLIST_KEY_UIApplicationSceneManifest_Generation[sdk=iphonesimulator*]" = YES;
				"INFOPLIST_KEY_UIApplicationSupportsIndirectInputEvents[sdk=iphoneos*]" = YES;
				"INFOPLIST_KEY_UIApplicationSupportsIndirectInputEvents[sdk=iphonesimulator*]" = YES;
				"INFOPLIST_KEY_UILaunchScreen_Generation[sdk=iphoneos*]" = YES;
				"INFOPLIST_KEY_UILaunchScreen_Generation[sdk=iphonesimulator*]" = YES;
				"INFOPLIST_KEY_UIStatusBarStyle[sdk=iphoneos*]" = UIStatusBarStyleDefault;
				"INFOPLIST_KEY_UIStatusBarStyle[sdk=iphonesimulator*]" = UIStatusBarStyleDefault;
				INFOPLIST_KEY_UISupportedInterfaceOrientations_iPad = "UIInterfaceOrientationPortrait UIInterfaceOrientationPortraitUpsideDown UIInterfaceOrientationLandscapeLeft UIInterfaceOrientationLandscapeRight";
				INFOPLIST_KEY_UISupportedInterfaceOrientations_iPhone = "UIInterfaceOrientationPortrait UIInterfaceOrientationLandscapeLeft UIInterfaceOrientationLandscapeRight";
				IPHONEOS_DEPLOYMENT_TARGET = 18.2;
				LD_RUNPATH_SEARCH_PATHS = "@executable_path/Frameworks";
				"LD_RUNPATH_SEARCH_PATHS[sdk=macosx*]" = "@executable_path/../Frameworks";
				MACOSX_DEPLOYMENT_TARGET = 14.0;
				MARKETING_VERSION = 1.0;
				PRODUCT_BUNDLE_IDENTIFIER = "store.tonyapps.SW351X-Monitor";
				PRODUCT_NAME = "$(TARGET_NAME)";
				SDKROOT = auto;
				SUPPORTED_PLATFORMS = "iphoneos iphonesimulator macosx xros xrsimulator";
				SWIFT_EMIT_LOC_STRINGS = YES;
				SWIFT_VERSION = 5.0;
				TARGETED_DEVICE_FAMILY = "1,2,7";
				XROS_DEPLOYMENT_TARGET = 2.2;
			};
			name = Debug;
		};
		1AB2672B2D1F257C00ADD97E /* Release */ = {
			isa = XCBuildConfiguration;
			buildSettings = {
				ASSETCATALOG_COMPILER_APPICON_NAME = AppIcon;
				ASSETCATALOG_COMPILER_GLOBAL_ACCENT_COLOR_NAME = AccentColor;
				CODE_SIGN_ENTITLEMENTS = "SW351X Monitor/SW351X_Monitor.entitlements";
				CODE_SIGN_STYLE = Automatic;
				CURRENT_PROJECT_VERSION = 1;
				DEVELOPMENT_ASSET_PATHS = "\"SW351X Monitor/Preview Content\"";
				DEVELOPMENT_TEAM = 7W793QK84V;
				ENABLE_HARDENED_RUNTIME = YES;
				ENABLE_PREVIEWS = YES;
				GENERATE_INFOPLIST_FILE = YES;
				INFOPLIST_FILE = "SW351X Monitor/Info.plist";
				"INFOPLIST_KEY_UIApplicationSceneManifest_Generation[sdk=iphoneos*]" = YES;
				"INFOPLIST_KEY_UIApplicationSceneManifest_Generation[sdk=iphonesimulator*]" = YES;
				"INFOPLIST_KEY_UIApplicationSupportsIndirectInputEvents[sdk=iphoneos*]" = YES;
				"INFOPLIST_KEY_UIApplicationSupportsIndirectInputEvents[sdk=iphonesimulator*]" = YES;
				"INFOPLIST_KEY_UILaunchScreen_Generation[sdk=iphoneos*]" = YES;
				"INFOPLIST_KEY_UILaunchScreen_Generation[sdk=iphonesimulator*]" = YES;
				"INFOPLIST_KEY_UIStatusBarStyle[sdk=iphoneos*]" = UIStatusBarStyleDefault;
				"INFOPLIST_KEY_UIStatusBarStyle[sdk=iphonesimulator*]" = UIStatusBarStyleDefault;
				INFOPLIST_KEY_UISupportedInterfaceOrientations_iPad = "UIInterfaceOrientationPortrait UIInterfaceOrientationPortraitUpsideDown UIInterfaceOrientationLandscapeLeft UIInterfaceOrientationLandscapeRight";
				INFOPLIST_KEY_UISupportedInterfaceOrientations_iPhone = "UIInterfaceOrientationPortrait UIInterfaceOrientationLandscapeLeft UIInterfaceOrientationLandscapeRight";
				IPHONEOS_DEPLOYMENT_TARGET = 18.2;
				LD_RUNPATH_SEARCH_PATHS = "@executable_path/Frameworks";
				"LD_RUNPATH_SEARCH_PATHS[sdk=macosx*]" = "@executable_path/../Frameworks";
				MACOSX_DEPLOYMENT_TARGET = 14.0;
				MARKETING_VERSION = 1.0;
				PRODUCT_BUNDLE_IDENTIFIER = "store.tonyapps.SW351X-Monitor";
				PRODUCT_NAME = "$(TARGET_NAME)";
				SDKROOT = auto;
				SUPPORTED_PLATFORMS = "iphoneos iphonesimulator macosx xros xrsimulator";
				SWIFT_EMIT_LOC_STRINGS = YES;
				SWIFT_VERSION = 5.0;
				TARGETED_DEVICE_FAMILY = "1,2,7";
				XROS_DEPLOYMENT_TARGET = 2.2;
			};
			name = Release;
		};
		1AB2672C2D1F257C00ADD97E /* Debug */ = {
			isa = XCBuildConfiguration;
			buildSettings = {
				ALWAYS_SEARCH_USER_PATHS = NO;
				ASSETCATALOG_COMPILER_GENERATE_SWIFT_ASSET_SYMBOL_EXTENSIONS = YES;
				CLANG_ANALYZER_NONNULL = YES;
				CLANG_ANALYZER_NUMBER_OBJECT_CONVERSION = YES_AGGRESSIVE;
				CLANG_CXX_LANGUAGE_STANDARD = "gnu++20";
				CLANG_ENABLE_MODULES = YES;
				CLANG_ENABLE_OBJC_ARC = YES;
				CLANG_ENABLE_OBJC_WEAK = YES;
				CLANG_WARN_BLOCK_CAPTURE_AUTORELEASING = YES;
				CLANG_WARN_BOOL_CONVERSION = YES;
				CLANG_WARN_COMMA = YES;
				CLANG_WARN_CONSTANT_CONVERSION = YES;
				CLANG_WARN_DEPRECATED_OBJC_IMPLEMENTATIONS = YES;
				CLANG_WARN_DIRECT_OBJC_ISA_USAGE = YES_ERROR;
				CLANG_WARN_DOCUMENTATION_COMMENTS = YES;
				CLANG_WARN_EMPTY_BODY = YES;
				CLANG_WARN_ENUM_CONVERSION = YES;
				CLANG_WARN_INFINITE_RECURSION = YES;
				CLANG_WARN_INT_CONVERSION = YES;
				CLANG_WARN_NON_LITERAL_NULL_CONVERSION = YES;
				CLANG_WARN_OBJC_IMPLICIT_RETAIN_SELF = YES;
				CLANG_WARN_OBJC_LITERAL_CONVERSION = YES;
				CLANG_WARN_OBJC_ROOT_CLASS = YES_ERROR;
				CLANG_WARN_QUOTED_INCLUDE_IN_FRAMEWORK_HEADER = YES;
				CLANG_WARN_RANGE_LOOP_ANALYSIS = YES;
				CLANG_WARN_STRICT_PROTOTYPES = YES;
				CLANG_WARN_SUSPICIOUS_MOVE = YES;
				CLANG_WARN_UNGUARDED_AVAILABILITY = YES_AGGRESSIVE;
				CLANG_WARN_UNREACHABLE_CODE = YES;
				CLANG_WARN__DUPLICATE_METHOD_MATCH = YES;
				COPY_PHASE_STRIP = NO;
				DEBUG_INFORMATION_FORMAT = dwarf;
				ENABLE_STRICT_OBJC_MSGSEND = YES;
				ENABLE_TESTABILITY = YES;
				ENABLE_USER_SCRIPT_SANDBOXING = YES;
				GCC_C_LANGUAGE_STANDARD = gnu17;
				GCC_DYNAMIC_NO_PIC = NO;
				GCC_NO_COMMON_BLOCKS = YES;
				GCC_OPTIMIZATION_LEVEL = 0;
				GCC_PREPROCESSOR_DEFINITIONS = (
					"DEBUG=1",
					"$(inherited)",
				);
				GCC_WARN_64_TO_32_BIT_CONVERSION = YES;
				GCC_WARN_ABOUT_RETURN_TYPE = YES_ERROR;
				GCC_WARN_UNDECLARED_SELECTOR = YES;
				GCC_WARN_UNINITIALIZED_AUTOS = YES_AGGRESSIVE;
				GCC_WARN_UNUSED_FUNCTION = YES;
				GCC_WARN_UNUSED_VARIABLE = YES;
				LOCALIZATION_PREFERS_STRING_CATALOGS = YES;
				MTL_ENABLE_DEBUG_INFO = INCLUDE_SOURCE;
				MTL_FAST_MATH = YES;
				ONLY_ACTIVE_ARCH = YES;
				SWIFT_ACTIVE_COMPILATION_CONDITIONS = "DEBUG $(inherited)";
				SWIFT_OPTIMIZATION_LEVEL = "-Onone";
			};
			name = Debug;
		};
		1AB2672D2D1F257C00ADD97E /* Release */ = {
			isa = XCBuildConfiguration;
			buildSettings = {
				ALWAYS_SEARCH_USER_PATHS = NO;
				ASSETCATALOG_COMPILER_GENERATE_SWIFT_ASSET_SYMBOL_EXTENSIONS = YES;
				CLANG_ANALYZER_NONNULL = YES;
				CLANG_ANALYZER_NUMBER_OBJECT_CONVERSION = YES_AGGRESSIVE;
				CLANG_CXX_LANGUAGE_STANDARD = "gnu++20";
				CLANG_ENABLE_MODULES = YES;
				CLANG_ENABLE_OBJC_ARC = YES;
				CLANG_ENABLE_OBJC_WEAK = YES;
				CLANG_WARN_BLOCK_CAPTURE_AUTORELEASING = YES;
				CLANG_WARN_BOOL_CONVERSION = YES;
				CLANG_WARN_COMMA = YES;
				CLANG_WARN_CONSTANT_CONVERSION = YES;
				CLANG_WARN_DEPRECATED_OBJC_IMPLEMENTATIONS = YES;
				CLANG_WARN_DIRECT_OBJC_ISA_USAGE = YES_ERROR;
				CLANG_WARN_DOCUMENTATION_COMMENTS = YES;
				CLANG_WARN_EMPTY_BODY = YES;
				CLANG_WARN_ENUM_CONVERSION = YES;
				CLANG_WARN_INFINITE_RECURSION = YES;
				CLANG_WARN_INT_CONVERSION = YES;
				CLANG_WARN_NON_LITERAL_NULL_CONVERSION = YES;
				CLANG_WARN_OBJC_IMPLICIT_RETAIN_SELF = YES;
				CLANG_WARN_OBJC_LITERAL_CONVERSION = YES;
				CLANG_WARN_OBJC_ROOT_CLASS = YES_ERROR;
				CLANG_WARN_QUOTED_INCLUDE_IN_FRAMEWORK_HEADER = YES;
				CLANG_WARN_RANGE_LOOP_ANALYSIS = YES;
				CLANG_WARN_STRICT_PROTOTYPES = YES;
				CLANG_WARN_SUSPICIOUS_MOVE = YES;
				CLANG_WARN_UNGUARDED_AVAILABILITY = YES_AGGRESSIVE;
				CLANG_WARN_UNREACHABLE_CODE = YES;
				CLANG_WARN__DUPLICATE_METHOD_MATCH = YES;
				COPY_PHASE_STRIP = NO;
				DEBUG_INFORMATION_FORMAT = "dwarf-with-dsym";
				ENABLE_NS_ASSERTIONS = NO;
				ENABLE_STRICT_OBJC_MSGSEND = YES;
				ENABLE_USER_SCRIPT_SANDBOXING = YES;
				GCC_C_LANGUAGE_STANDARD = gnu17;
				GCC_NO_COMMON_BLOCKS = YES;
				GCC_WARN_64_TO_32_BIT_CONVERSION = YES;
				GCC_WARN_ABOUT_RETURN_TYPE = YES_ERROR;
				GCC_WARN_UNDECLARED_SELECTOR = YES;
				GCC_WARN_UNINITIALIZED_AUTOS = YES_AGGRESSIVE;
				GCC_WARN_UNUSED_FUNCTION = YES;
				GCC_WARN_UNUSED_VARIABLE = YES;
				LOCALIZATION_PREFERS_STRING_CATALOGS = YES;
				MTL_ENABLE_DEBUG_INFO = NO;
				MTL_FAST_MATH = YES;
				SWIFT_COMPILATION_MODE = wholemodule;
			};
			name = Release;
		};
		1AB2672F2D1F257C00ADD97E /* Debug */ = {
			isa = XCBuildConfiguration;
			buildSettings = {
				BUNDLE_LOADER = "$(TEST_HOST)";
				CODE_SIGN_STYLE = Automatic;
				CURRENT_PROJECT_VERSION = 1;
				DEVELOPMENT_TEAM = 7W793QK84V;
				GENERATE_INFOPLIST_FILE = YES;
				IPHONEOS_DEPLOYMENT_TARGET = 18.2;
				MACOSX_DEPLOYMENT_TARGET = 15.2;
				MARKETING_VERSION = 1.0;
				PRODUCT_BUNDLE_IDENTIFIER = "store.tonyapps.SW351X-MonitorTests";
				PRODUCT_NAME = "$(TARGET_NAME)";
				SDKROOT = auto;
				SUPPORTED_PLATFORMS = "iphoneos iphonesimulator macosx xros xrsimulator";
				SWIFT_EMIT_LOC_STRINGS = NO;
				SWIFT_VERSION = 5.0;
				TARGETED_DEVICE_FAMILY = "1,2,7";
				TEST_HOST = "$(BUILT_PRODUCTS_DIR)/SW351X Monitor.app/$(BUNDLE_EXECUTABLE_FOLDER_PATH)/SW351X Monitor";
				XROS_DEPLOYMENT_TARGET = 2.2;
			};
			name = Debug;
		};
		1AB267302D1F257C00ADD97E /* Release */ = {
			isa = XCBuildConfiguration;
			buildSettings = {
				BUNDLE_LOADER = "$(TEST_HOST)";
				CODE_SIGN_STYLE = Automatic;
				CURRENT_PROJECT_VERSION = 1;
				DEVELOPMENT_TEAM = 7W793QK84V;
				GENERATE_INFOPLIST_FILE = YES;
				IPHONEOS_DEPLOYMENT_TARGET = 18.2;
				MACOSX_DEPLOYMENT_TARGET = 15.2;
				MARKETING_VERSION = 1.0;
				PRODUCT_BUNDLE_IDENTIFIER = "store.tonyapps.SW351X-MonitorTests";
				PRODUCT_NAME = "$(TARGET_NAME)";
				SDKROOT = auto;
				SUPPORTED_PLATFORMS = "iphoneos iphonesimulator macosx xros xrsimulator";
				SWIFT_EMIT_LOC_STRINGS = NO;
				SWIFT_VERSION = 5.0;
				TARGETED_DEVICE_FAMILY = "1,2,7";
				TEST_HOST = "$(BUILT_PRODUCTS_DIR)/SW351X Monitor.app/$(BUNDLE_EXECUTABLE_FOLDER_PATH)/SW351X Monitor";
				XROS_DEPLOYMENT_TARGET = 2.2;
			};
			name = Release;
		};
		1AB267322D1F257C00ADD97E /* Debug */ = {
			isa = XCBuildConfiguration;
			buildSettings = {
				CODE_SIGN_STYLE = Automatic;
				CURRENT_PROJECT_VERSION = 1;
				DEVELOPMENT_TEAM = 7W793QK84V;
				GENERATE_INFOPLIST_FILE = YES;
				IPHONEOS_DEPLOYMENT_TARGET = 18.2;
				MACOSX_DEPLOYMENT_TARGET = 15.2;
				MARKETING_VERSION = 1.0;
				PRODUCT_BUNDLE_IDENTIFIER = "store.tonyapps.SW351X-MonitorUITests";
				PRODUCT_NAME = "$(TARGET_NAME)";
				SDKROOT = auto;
				SUPPORTED_PLATFORMS = "iphoneos iphonesimulator macosx xros xrsimulator";
				SWIFT_EMIT_LOC_STRINGS = NO;
				SWIFT_VERSION = 5.0;
				TARGETED_DEVICE_FAMILY = "1,2,7";
				TEST_TARGET_NAME = "SW351X Monitor";
				XROS_DEPLOYMENT_TARGET = 2.2;
			};
			name = Debug;
		};
		1AB267332D1F257C00ADD97E /* Release */ = {
			isa = XCBuildConfiguration;
			buildSettings = {
				CODE_SIGN_STYLE = Automatic;
				CURRENT_PROJECT_VERSION = 1;
				DEVELOPMENT_TEAM = 7W793QK84V;
				GENERATE_INFOPLIST_FILE = YES;
				IPHONEOS_DEPLOYMENT_TARGET = 18.2;
				MACOSX_DEPLOYMENT_TARGET = 15.2;
				MARKETING_VERSION = 1.0;
				PRODUCT_BUNDLE_IDENTIFIER = "store.tonyapps.SW351X-MonitorUITests";
				PRODUCT_NAME = "$(TARGET_NAME)";
				SDKROOT = auto;
				SUPPORTED_PLATFORMS = "iphoneos iphonesimulator macosx xros xrsimulator";
				SWIFT_EMIT_LOC_STRINGS = NO;
				SWIFT_VERSION = 5.0;
				TARGETED_DEVICE_FAMILY = "1,2,7";
				TEST_TARGET_NAME = "SW351X Monitor";
				XROS_DEPLOYMENT_TARGET = 2.2;
			};
			name = Release;
		};
		1AB2674D2D1F298400ADD97E /* Debug */ = {
			isa = XCBuildConfiguration;
			buildSettings = {
				ASSETCATALOG_COMPILER_GLOBAL_ACCENT_COLOR_NAME = AccentColor;
				ASSETCATALOG_COMPILER_WIDGET_BACKGROUND_COLOR_NAME = WidgetBackground;
				CODE_SIGN_ENTITLEMENTS = "SW351x Monitor Widget/SW351x_Monitor_Widget.entitlements";
				CODE_SIGN_STYLE = Automatic;
				CURRENT_PROJECT_VERSION = 1;
				DEVELOPMENT_TEAM = 7W793QK84V;
				ENABLE_HARDENED_RUNTIME = YES;
				GENERATE_INFOPLIST_FILE = YES;
				INFOPLIST_FILE = "SW351x Monitor Widget/Info.plist";
				INFOPLIST_KEY_CFBundleDisplayName = "SW351x Monitor Widget";
				INFOPLIST_KEY_NSHumanReadableCopyright = "";
				IPHONEOS_DEPLOYMENT_TARGET = 18.2;
				LD_RUNPATH_SEARCH_PATHS = (
					"$(inherited)",
					"@executable_path/Frameworks",
					"@executable_path/../../Frameworks",
				);
				"LD_RUNPATH_SEARCH_PATHS[sdk=macosx*]" = (
					"$(inherited)",
					"@executable_path/../Frameworks",
					"@executable_path/../../../../Frameworks",
				);
				MACOSX_DEPLOYMENT_TARGET = 14.0;
				MARKETING_VERSION = 1.0;
				PRODUCT_BUNDLE_IDENTIFIER = "store.tonyapps.SW351X-Monitor.SW351x-Monitor-Widget";
				PRODUCT_NAME = "$(TARGET_NAME)";
				SDKROOT = auto;
				SKIP_INSTALL = YES;
				SUPPORTED_PLATFORMS = "iphoneos iphonesimulator macosx xros xrsimulator";
				SWIFT_EMIT_LOC_STRINGS = YES;
				SWIFT_VERSION = 5.0;
				TARGETED_DEVICE_FAMILY = "1,2,7";
				XROS_DEPLOYMENT_TARGET = 2.2;
			};
			name = Debug;
		};
		1AB2674E2D1F298400ADD97E /* Release */ = {
			isa = XCBuildConfiguration;
			buildSettings = {
				ASSETCATALOG_COMPILER_GLOBAL_ACCENT_COLOR_NAME = AccentColor;
				ASSETCATALOG_COMPILER_WIDGET_BACKGROUND_COLOR_NAME = WidgetBackground;
				CODE_SIGN_ENTITLEMENTS = "SW351x Monitor Widget/SW351x_Monitor_Widget.entitlements";
				CODE_SIGN_STYLE = Automatic;
				CURRENT_PROJECT_VERSION = 1;
				DEVELOPMENT_TEAM = 7W793QK84V;
				ENABLE_HARDENED_RUNTIME = YES;
				GENERATE_INFOPLIST_FILE = YES;
				INFOPLIST_FILE = "SW351x Monitor Widget/Info.plist";
				INFOPLIST_KEY_CFBundleDisplayName = "SW351x Monitor Widget";
				INFOPLIST_KEY_NSHumanReadableCopyright = "";
				IPHONEOS_DEPLOYMENT_TARGET = 18.2;
				LD_RUNPATH_SEARCH_PATHS = (
					"$(inherited)",
					"@executable_path/Frameworks",
					"@executable_path/../../Frameworks",
				);
				"LD_RUNPATH_SEARCH_PATHS[sdk=macosx*]" = (
					"$(inherited)",
					"@executable_path/../Frameworks",
					"@executable_path/../../../../Frameworks",
				);
				MACOSX_DEPLOYMENT_TARGET = 14.0;
				MARKETING_VERSION = 1.0;
				PRODUCT_BUNDLE_IDENTIFIER = "store.tonyapps.SW351X-Monitor.SW351x-Monitor-Widget";
				PRODUCT_NAME = "$(TARGET_NAME)";
				SDKROOT = auto;
				SKIP_INSTALL = YES;
				SUPPORTED_PLATFORMS = "iphoneos iphonesimulator macosx xros xrsimulator";
				SWIFT_EMIT_LOC_STRINGS = YES;
				SWIFT_VERSION = 5.0;
				TARGETED_DEVICE_FAMILY = "1,2,7";
				XROS_DEPLOYMENT_TARGET = 2.2;
			};
			name = Release;
		};
/* End XCBuildConfiguration section */

/* Begin XCConfigurationList section */
		1AB266FD2D1F257B00ADD97E /* Build configuration list for PBXProject "SW351X Monitor" */ = {
			isa = XCConfigurationList;
			buildConfigurations = (
				1AB2672C2D1F257C00ADD97E /* Debug */,
				1AB2672D2D1F257C00ADD97E /* Release */,
			);
			defaultConfigurationIsVisible = 0;
			defaultConfigurationName = Release;
		};
		1AB267292D1F257C00ADD97E /* Build configuration list for PBXNativeTarget "SW351X Monitor" */ = {
			isa = XCConfigurationList;
			buildConfigurations = (
				1AB2672A2D1F257C00ADD97E /* Debug */,
				1AB2672B2D1F257C00ADD97E /* Release */,
			);
			defaultConfigurationIsVisible = 0;
			defaultConfigurationName = Release;
		};
		1AB2672E2D1F257C00ADD97E /* Build configuration list for PBXNativeTarget "SW351X MonitorTests" */ = {
			isa = XCConfigurationList;
			buildConfigurations = (
				1AB2672F2D1F257C00ADD97E /* Debug */,
				1AB267302D1F257C00ADD97E /* Release */,
			);
			defaultConfigurationIsVisible = 0;
			defaultConfigurationName = Release;
		};
		1AB267312D1F257C00ADD97E /* Build configuration list for PBXNativeTarget "SW351X MonitorUITests" */ = {
			isa = XCConfigurationList;
			buildConfigurations = (
				1AB267322D1F257C00ADD97E /* Debug */,
				1AB267332D1F257C00ADD97E /* Release */,
			);
			defaultConfigurationIsVisible = 0;
			defaultConfigurationName = Release;
		};
		1AB2674C2D1F298400ADD97E /* Build configuration list for PBXNativeTarget "SW351x Monitor WidgetExtension" */ = {
			isa = XCConfigurationList;
			buildConfigurations = (
				1AB2674D2D1F298400ADD97E /* Debug */,
				1AB2674E2D1F298400ADD97E /* Release */,
			);
			defaultConfigurationIsVisible = 0;
			defaultConfigurationName = Release;
		};
/* End XCConfigurationList section */
	};
	rootObject = 1AB266FA2D1F257B00ADD97E /* Project object */;
}
